
Microsoft Visual Studio Solution File, Format Version 12.00
# Visual Studio Version 16
VisualStudioVersion = 16.0.29806.167
MinimumVisualStudioVersion = 10.0.40219.1
Project("{FAE04EC0-301F-11D3-BF4B-00C04F79EFBC}") = "covid_aulas", "covid_aulas\covid_aulas.csproj", "{448ED7AF-827A-43FD-8E68-AF238CBDF6BA}"
EndProject
Global
	GlobalSection(SolutionConfigurationPlatforms) = preSolution
		Debug|Any CPU = Debug|Any CPU
		Release|Any CPU = Release|Any CPU
	EndGlobalSection
	GlobalSection(ProjectConfigurationPlatforms) = postSolution
		{448ED7AF-827A-43FD-8E68-AF238CBDF6BA}.Debug|Any CPU.ActiveCfg = Debug|Any CPU
		{448ED7AF-827A-43FD-8E68-AF238CBDF6BA}.Debug|Any CPU.Build.0 = Debug|Any CPU
		{448ED7AF-827A-43FD-8E68-AF238CBDF6BA}.Release|Any CPU.ActiveCfg = Release|Any CPU
		{448ED7AF-827A-43FD-8E68-AF238CBDF6BA}.Release|Any CPU.Build.0 = Release|Any CPU
	EndGlobalSection
	GlobalSection(SolutionProperties) = preSolution
		HideSolutionNode = FALSE
	EndGlobalSection
	GlobalSection(ExtensibilityGlobals) = postSolution
		SolutionGuid = {963AF473-D5AC-4BB3-B974-9FB572620092}
	EndGlobalSection
EndGlobal
